
Microsoft Visual Studio Solution File, Format Version 12.00
# Visual Studio 15
VisualStudioVersion = 15.0.27130.2020
MinimumVisualStudioVersion = 10.0.40219.1
Project("{FAE04EC0-301F-11D3-BF4B-00C04F79EFBC}") = "EngineTestBed", "EngineTestBed\EngineTestBed.csproj", "{C3D048A9-B992-46D2-9D3A-BB2C4A9E52AB}"
EndProject
Global
	GlobalSection(SolutionConfigurationPlatforms) = preSolution
		Debug|Any CPU = Debug|Any CPU
		Release|Any CPU = Release|Any CPU
	EndGlobalSection
	GlobalSection(ProjectConfigurationPlatforms) = postSolution
		{C3D048A9-B992-46D2-9D3A-BB2C4A9E52AB}.Debug|Any CPU.ActiveCfg = Debug|Any CPU
		{C3D048A9-B992-46D2-9D3A-BB2C4A9E52AB}.Debug|Any CPU.Build.0 = Debug|Any CPU
		{C3D048A9-B992-46D2-9D3A-BB2C4A9E52AB}.Release|Any CPU.ActiveCfg = Release|Any CPU
		{C3D048A9-B992-46D2-9D3A-BB2C4A9E52AB}.Release|Any CPU.Build.0 = Release|Any CPU
	EndGlobalSection
	GlobalSection(SolutionProperties) = preSolution
		HideSolutionNode = FALSE
	EndGlobalSection
	GlobalSection(ExtensibilityGlobals) = postSolution
		SolutionGuid = {6727529B-626D-4B11-BD7F-D295B65C5486}
	EndGlobalSection
EndGlobal
